<Solution>
  <Project Path="Assembly-CSharp.csproj" />
  <Project Path="AllIn1VfxAssmebly.csproj" />
  <Project Path="AllIn1VfxDemoScriptAssemblies.csproj" />
  <Project Path="Assembly-CSharp-firstpass.csproj" />
  <Project Path="AllIn1SpriteShaderAssembly.csproj" />
  <Project Path="AllIn1VfxTexDemoAssembly.csproj" />
  <Project Path="Assembly-CSharp-Editor-firstpass.csproj" />
</Solution>
